// !$*UTF8*$!
{
	archiveVersion = 1;
	classes = {
	};
	objectVersion = 77;
	objects = {

/* Begin PBXContainerItemProxy section */
		A1000000000000000000001B /* PBXContainerItemProxy */ = {
			isa = PBXContainerItemProxy;
			containerPortal = A10000000000000000000009 /* Project object */;
			proxyType = 1;
			remoteGlobalIDString = A10000000000000000000006;
			remoteInfo = Sole;
		};
		A1000000000000000000002C /* PBXContainerItemProxy */ = {
			isa = PBXContainerItemProxy;
			containerPortal = A10000000000000000000009 /* Project object */;
			proxyType = 1;
			remoteGlobalIDString = A10000000000000000000021;
			remoteInfo = SoleWidgetExtension;
		};
/* End PBXContainerItemProxy section */

/* Begin PBXBuildFile section */
		A10000000000000000000029 /* SoleWidgetExtension.appex in Embed Foundation Extensions */ = {isa = PBXBuildFile; fileRef = A10000000000000000000028 /* SoleWidgetExtension.appex */; settings = {ATTRIBUTES = (RemoveHeadersOnCopy, ); }; };
/* End PBXBuildFile section */

/* Begin PBXCopyFilesBuildPhase section */
		A1000000000000000000002A /* Embed Foundation Extensions */ = {
			isa = PBXCopyFilesBuildPhase;
			buildActionMask = 2147483647;
			dstPath = "";
			dstSubfolderSpec = 13;
			files = (
				A10000000000000000000029 /* SoleWidgetExtension.appex in Embed Foundation Extensions */,
			);
			name = "Embed Foundation Extensions";
			runOnlyForDeploymentPostprocessing = 0;
		};
/* End PBXCopyFilesBuildPhase section */

/* Begin PBXFileReference section */
		A10000000000000000000001 /* Sole.app */ = {isa = PBXFileReference; explicitFileType = wrapper.application; includeInIndex = 0; path = Sole.app; sourceTree = BUILT_PRODUCTS_DIR; };
		A10000000000000000000019 /* SoleTests.xctest */ = {isa = PBXFileReference; explicitFileType = wrapper.cfbundle; includeInIndex = 0; path = SoleTests.xctest; sourceTree = BUILT_PRODUCTS_DIR; };
		A1000000000000000000001D /* Sole.entitlements */ = {isa = PBXFileReference; lastKnownFileType = text.plist.entitlements; path = Sole.entitlements; sourceTree = "<group>"; };
		A1000000000000000000002F /* Sole-PersonalTeam.entitlements */ = {isa = PBXFileReference; lastKnownFileType = text.plist.entitlements; path = "Sole-PersonalTeam.entitlements"; sourceTree = "<group>"; };
		A1000000000000000000001E /* Sole-Info.plist */ = {isa = PBXFileReference; lastKnownFileType = text.plist.xml; path = "Sole-Info.plist"; sourceTree = "<group>"; };
		A10000000000000000000028 /* SoleWidgetExtension.appex */ = {isa = PBXFileReference; explicitFileType = "wrapper.app-extension"; includeInIndex = 0; path = SoleWidgetExtension.appex; sourceTree = BUILT_PRODUCTS_DIR; };
		A1000000000000000000002D /* SoleWidget.entitlements */ = {isa = PBXFileReference; lastKnownFileType = text.plist.entitlements; path = SoleWidget.entitlements; sourceTree = "<group>"; };
		A1000000000000000000002E /* SoleWidget-Info.plist */ = {isa = PBXFileReference; lastKnownFileType = text.plist.xml; path = "SoleWidget-Info.plist"; sourceTree = "<group>"; };
/* End PBXFileReference section */

/* Begin PBXFileSystemSynchronizedRootGroup section */
		A10000000000000000000002 /* Sole */ = {
			isa = PBXFileSystemSynchronizedRootGroup;
			path = Sole;
			sourceTree = "<group>";
		};
		A10000000000000000000010 /* Shared */ = {
			isa = PBXFileSystemSynchronizedRootGroup;
			path = Shared;
			sourceTree = "<group>";
		};
		A10000000000000000000020 /* SoleWidget */ = {
			isa = PBXFileSystemSynchronizedRootGroup;
			path = SoleWidget;
			sourceTree = "<group>";
		};
		A10000000000000000000011 /* SoleTests */ = {
			isa = PBXFileSystemSynchronizedRootGroup;
			path = SoleTests;
			sourceTree = "<group>";
		};
/* End PBXFileSystemSynchronizedRootGroup section */

/* Begin PBXFrameworksBuildPhase section */
		A10000000000000000000003 /* Frameworks */ = {
			isa = PBXFrameworksBuildPhase;
			buildActionMask = 2147483647;
			files = (
			);
			runOnlyForDeploymentPostprocessing = 0;
		};
		A10000000000000000000014 /* Frameworks */ = {
			isa = PBXFrameworksBuildPhase;
			buildActionMask = 2147483647;
			files = (
			);
			runOnlyForDeploymentPostprocessing = 0;
		};
		A10000000000000000000023 /* Frameworks */ = {
			isa = PBXFrameworksBuildPhase;
			buildActionMask = 2147483647;
			files = (
			);
			runOnlyForDeploymentPostprocessing = 0;
		};
/* End PBXFrameworksBuildPhase section */

/* Begin PBXGroup section */
		A10000000000000000000004 = {
			isa = PBXGroup;
			children = (
				A10000000000000000000002 /* Sole */,
				A10000000000000000000010 /* Shared */,
				A10000000000000000000020 /* SoleWidget */,
				A10000000000000000000011 /* SoleTests */,
				A1000000000000000000001C /* Config */,
				A10000000000000000000005 /* Products */,
			);
			sourceTree = "<group>";
		};
		A10000000000000000000005 /* Products */ = {
			isa = PBXGroup;
			children = (
				A10000000000000000000001 /* Sole.app */,
				A10000000000000000000019 /* SoleTests.xctest */,
				A10000000000000000000028 /* SoleWidgetExtension.appex */,
			);
			name = Products;
			sourceTree = "<group>";
		};
		A1000000000000000000001C /* Config */ = {
			isa = PBXGroup;
			children = (
				A1000000000000000000001D /* Sole.entitlements */,
				A1000000000000000000002F /* Sole-PersonalTeam.entitlements */,
				A1000000000000000000001E /* Sole-Info.plist */,
				A1000000000000000000002D /* SoleWidget.entitlements */,
				A1000000000000000000002E /* SoleWidget-Info.plist */,
			);
			path = Config;
			sourceTree = "<group>";
		};
/* End PBXGroup section */

/* Begin PBXNativeTarget section */
		A10000000000000000000006 /* Sole */ = {
			isa = PBXNativeTarget;
			buildConfigurationList = A1000000000000000000000B /* Build configuration list for PBXNativeTarget "Sole" */;
			buildPhases = (
				A10000000000000000000007 /* Sources */,
				A10000000000000000000003 /* Frameworks */,
				A10000000000000000000008 /* Resources */,
				A1000000000000000000002A /* Embed Foundation Extensions */,
			);
			buildRules = (
			);
			dependencies = (
				A1000000000000000000002B /* PBXTargetDependency */,
			);
			fileSystemSynchronizedGroups = (
				A10000000000000000000002 /* Sole */,
				A10000000000000000000010 /* Shared */,
			);
			name = Sole;
			packageProductDependencies = (
			);
			productName = Sole;
			productReference = A10000000000000000000001 /* Sole.app */;
			productType = "com.apple.product-type.application";
		};
		A10000000000000000000012 /* SoleTests */ = {
			isa = PBXNativeTarget;
			buildConfigurationList = A10000000000000000000016 /* Build configuration list for PBXNativeTarget "SoleTests" */;
			buildPhases = (
				A10000000000000000000013 /* Sources */,
				A10000000000000000000014 /* Frameworks */,
				A10000000000000000000015 /* Resources */,
			);
			buildRules = (
			);
			dependencies = (
				A1000000000000000000001A /* PBXTargetDependency */,
			);
			fileSystemSynchronizedGroups = (
				A10000000000000000000011 /* SoleTests */,
			);
			name = SoleTests;
			packageProductDependencies = (
			);
			productName = SoleTests;
			productReference = A10000000000000000000019 /* SoleTests.xctest */;
			productType = "com.apple.product-type.bundle.unit-test";
		};
		A10000000000000000000021 /* SoleWidgetExtension */ = {
			isa = PBXNativeTarget;
			buildConfigurationList = A10000000000000000000025 /* Build configuration list for PBXNativeTarget "SoleWidgetExtension" */;
			buildPhases = (
				A10000000000000000000022 /* Sources */,
				A10000000000000000000023 /* Frameworks */,
				A10000000000000000000024 /* Resources */,
			);
			buildRules = (
			);
			dependencies = (
			);
			fileSystemSynchronizedGroups = (
				A10000000000000000000020 /* SoleWidget */,
				A10000000000000000000010 /* Shared */,
			);
			name = SoleWidgetExtension;
			packageProductDependencies = (
			);
			productName = SoleWidgetExtension;
			productReference = A10000000000000000000028 /* SoleWidgetExtension.appex */;
			productType = "com.apple.product-type.app-extension";
		};
/* End PBXNativeTarget section */

/* Begin PBXProject section */
		A10000000000000000000009 /* Project object */ = {
			isa = PBXProject;
			attributes = {
				BuildIndependentTargetsInParallel = 1;
				LastSwiftUpdateCheck = 1600;
				LastUpgradeCheck = 1600;
				TargetAttributes = {
					A10000000000000000000006 = {
						CreatedOnToolsVersion = 16.0;
					};
					A10000000000000000000021 = {
						CreatedOnToolsVersion = 16.0;
					};
					A10000000000000000000012 = {
						CreatedOnToolsVersion = 16.0;
						TestTargetID = A10000000000000000000006;
					};
				};
			};
			buildConfigurationList = A1000000000000000000000A /* Build configuration list for PBXProject "Sole" */;
			developmentRegion = en;
			hasScannedForEncodings = 0;
			knownRegions = (
				en,
				Base,
			);
			mainGroup = A10000000000000000000004;
			minimizedProjectReferenceProxies = 1;
			preferredProjectObjectVersion = 77;
			productRefGroup = A10000000000000000000005 /* Products */;
			projectDirPath = "";
			projectRoot = "";
			targets = (
				A10000000000000000000006 /* Sole */,
				A10000000000000000000021 /* SoleWidgetExtension */,
				A10000000000000000000012 /* SoleTests */,
			);
		};
/* End PBXProject section */

/* Begin PBXResourcesBuildPhase section */
		A10000000000000000000008 /* Resources */ = {
			isa = PBXResourcesBuildPhase;
			buildActionMask = 2147483647;
			files = (
			);
			runOnlyForDeploymentPostprocessing = 0;
		};
		A10000000000000000000015 /* Resources */ = {
			isa = PBXResourcesBuildPhase;
			buildActionMask = 2147483647;
			files = (
			);
			runOnlyForDeploymentPostprocessing = 0;
		};
		A10000000000000000000024 /* Resources */ = {
			isa = PBXResourcesBuildPhase;
			buildActionMask = 2147483647;
			files = (
			);
			runOnlyForDeploymentPostprocessing = 0;
		};
/* End PBXResourcesBuildPhase section */

/* Begin PBXSourcesBuildPhase section */
		A10000000000000000000007 /* Sources */ = {
			isa = PBXSourcesBuildPhase;
			buildActionMask = 2147483647;
			files = (
			);
			runOnlyForDeploymentPostprocessing = 0;
		};
		A10000000000000000000013 /* Sources */ = {
			isa = PBXSourcesBuildPhase;
			buildActionMask = 2147483647;
			files = (
			);
			runOnlyForDeploymentPostprocessing = 0;
		};
		A10000000000000000000022 /* Sources */ = {
			isa = PBXSourcesBuildPhase;
			buildActionMask = 2147483647;
			files = (
			);
			runOnlyForDeploymentPostprocessing = 0;
		};
/* End PBXSourcesBuildPhase section */

/* Begin PBXTargetDependency section */
		A1000000000000000000001A /* PBXTargetDependency */ = {
			isa = PBXTargetDependency;
			target = A10000000000000000000006 /* Sole */;
			targetProxy = A1000000000000000000001B /* PBXContainerItemProxy */;
		};
		A1000000000000000000002B /* PBXTargetDependency */ = {
			isa = PBXTargetDependency;
			target = A10000000000000000000021 /* SoleWidgetExtension */;
			targetProxy = A1000000000000000000002C /* PBXContainerItemProxy */;
		};
/* End PBXTargetDependency section */

/* Begin XCBuildConfiguration section */
		A1000000000000000000000C /* Debug */ = {
			isa = XCBuildConfiguration;
			buildSettings = {
				ALWAYS_SEARCH_USER_PATHS = NO;
				ASSETCATALOG_COMPILER_GENERATE_SWIFT_ASSET_SYMBOL_EXTENSIONS = YES;
				CLANG_ENABLE_MODULES = YES;
				CLANG_ENABLE_OBJC_ARC = YES;
				COPY_PHASE_STRIP = NO;
				DEBUG_INFORMATION_FORMAT = dwarf;
				ENABLE_STRICT_OBJC_MSGSEND = YES;
				ENABLE_TESTABILITY = YES;
				ENABLE_USER_SCRIPT_SANDBOXING = YES;
				GCC_DYNAMIC_NO_PIC = NO;
				GCC_OPTIMIZATION_LEVEL = 0;
				GCC_PREPROCESSOR_DEFINITIONS = (
					"DEBUG=1",
					"$(inherited)",
				);
				IPHONEOS_DEPLOYMENT_TARGET = 17.0;
				LOCALIZATION_PREFERS_STRING_CATALOGS = YES;
				MTL_ENABLE_DEBUG_INFO = INCLUDE_SOURCE;
				ONLY_ACTIVE_ARCH = YES;
				SDKROOT = iphoneos;
				SWIFT_ACTIVE_COMPILATION_CONDITIONS = "DEBUG $(inherited)";
				SWIFT_OPTIMIZATION_LEVEL = "-Onone";
			};
			name = Debug;
		};
		A1000000000000000000000D /* Release */ = {
			isa = XCBuildConfiguration;
			buildSettings = {
				ALWAYS_SEARCH_USER_PATHS = NO;
				ASSETCATALOG_COMPILER_GENERATE_SWIFT_ASSET_SYMBOL_EXTENSIONS = YES;
				CLANG_ENABLE_MODULES = YES;
				CLANG_ENABLE_OBJC_ARC = YES;
				COPY_PHASE_STRIP = NO;
				DEBUG_INFORMATION_FORMAT = "dwarf-with-dsym";
				ENABLE_NS_ASSERTIONS = NO;
				ENABLE_STRICT_OBJC_MSGSEND = YES;
				ENABLE_USER_SCRIPT_SANDBOXING = YES;
				IPHONEOS_DEPLOYMENT_TARGET = 17.0;
				LOCALIZATION_PREFERS_STRING_CATALOGS = YES;
				MTL_ENABLE_DEBUG_INFO = NO;
				SDKROOT = iphoneos;
				SWIFT_COMPILATION_MODE = wholemodule;
				VALIDATE_PRODUCT = YES;
			};
			name = Release;
		};
		A1000000000000000000000E /* Debug */ = {
			isa = XCBuildConfiguration;
			buildSettings = {
				ASSETCATALOG_COMPILER_APPICON_NAME = AppIcon;
				ASSETCATALOG_COMPILER_GLOBAL_ACCENT_COLOR_NAME = AccentColor;
				CODE_SIGN_ENTITLEMENTS = "Config/Sole-PersonalTeam.entitlements";
				CODE_SIGN_STYLE = Automatic;
				CURRENT_PROJECT_VERSION = 1;
				DEVELOPMENT_TEAM = BPPU7JV4Q4;
				ENABLE_PREVIEWS = YES;
				GENERATE_INFOPLIST_FILE = YES;
				INFOPLIST_FILE = "Config/Sole-Info.plist";
				INFOPLIST_KEY_CFBundleDisplayName = Sole;
				INFOPLIST_KEY_LSApplicationCategoryType = "public.app-category.healthcare-fitness";
				INFOPLIST_KEY_NSHealthShareUsageDescription = "Sole reads your steps, distance and flights climbed from Apple Health, including those from Apple Watch, so your history is complete and nothing is counted twice.";
				INFOPLIST_KEY_NSHealthUpdateUsageDescription = "Sole saves the steps, distance and flights counted by your iPhone to Apple Health.";
				INFOPLIST_KEY_NSMotionUsageDescription = "Sole uses your iPhone's motion sensor to count your steps, distance and flights climbed.";
				INFOPLIST_KEY_UIApplicationSceneManifest_Generation = YES;
				INFOPLIST_KEY_UIApplicationSupportsIndirectInputEvents = YES;
				INFOPLIST_KEY_UILaunchScreen_Generation = YES;
				INFOPLIST_KEY_UISupportedInterfaceOrientations = UIInterfaceOrientationPortrait;
				LD_RUNPATH_SEARCH_PATHS = (
					"$(inherited)",
					"@executable_path/Frameworks",
				);
				MARKETING_VERSION = 1.0;
				PRODUCT_BUNDLE_IDENTIFIER = com.pandyabhavik.Sole;
				PRODUCT_NAME = "$(TARGET_NAME)";
				SWIFT_EMIT_LOC_STRINGS = YES;
				SWIFT_VERSION = 5.0;
				TARGETED_DEVICE_FAMILY = 1;
			};
			name = Debug;
		};
		A1000000000000000000000F /* Release */ = {
			isa = XCBuildConfiguration;
			buildSettings = {
				ASSETCATALOG_COMPILER_APPICON_NAME = AppIcon;
				ASSETCATALOG_COMPILER_GLOBAL_ACCENT_COLOR_NAME = AccentColor;
				CODE_SIGN_ENTITLEMENTS = Config/Sole.entitlements;
				CODE_SIGN_STYLE = Automatic;
				CURRENT_PROJECT_VERSION = 1;
				DEVELOPMENT_TEAM = BPPU7JV4Q4;
				ENABLE_PREVIEWS = YES;
				GENERATE_INFOPLIST_FILE = YES;
				INFOPLIST_FILE = "Config/Sole-Info.plist";
				INFOPLIST_KEY_CFBundleDisplayName = Sole;
				INFOPLIST_KEY_LSApplicationCategoryType = "public.app-category.healthcare-fitness";
				INFOPLIST_KEY_NSHealthShareUsageDescription = "Sole reads your steps, distance and flights climbed from Apple Health, including those from Apple Watch, so your history is complete and nothing is counted twice.";
				INFOPLIST_KEY_NSHealthUpdateUsageDescription = "Sole saves the steps, distance and flights counted by your iPhone to Apple Health.";
				INFOPLIST_KEY_NSMotionUsageDescription = "Sole uses your iPhone's motion sensor to count your steps, distance and flights climbed.";
				INFOPLIST_KEY_UIApplicationSceneManifest_Generation = YES;
				INFOPLIST_KEY_UIApplicationSupportsIndirectInputEvents = YES;
				INFOPLIST_KEY_UILaunchScreen_Generation = YES;
				INFOPLIST_KEY_UISupportedInterfaceOrientations = UIInterfaceOrientationPortrait;
				LD_RUNPATH_SEARCH_PATHS = (
					"$(inherited)",
					"@executable_path/Frameworks",
				);
				MARKETING_VERSION = 1.0;
				PRODUCT_BUNDLE_IDENTIFIER = com.pandyabhavik.Sole;
				PRODUCT_NAME = "$(TARGET_NAME)";
				SWIFT_EMIT_LOC_STRINGS = YES;
				SWIFT_VERSION = 5.0;
				TARGETED_DEVICE_FAMILY = 1;
			};
			name = Release;
		};
		A10000000000000000000017 /* Debug */ = {
			isa = XCBuildConfiguration;
			buildSettings = {
				BUNDLE_LOADER = "$(TEST_HOST)";
				CODE_SIGN_STYLE = Automatic;
				CURRENT_PROJECT_VERSION = 1;
				DEVELOPMENT_TEAM = BPPU7JV4Q4;
				GENERATE_INFOPLIST_FILE = YES;
				MARKETING_VERSION = 1.0;
				PRODUCT_BUNDLE_IDENTIFIER = com.pandyabhavik.SoleTests;
				PRODUCT_NAME = "$(TARGET_NAME)";
				SWIFT_EMIT_LOC_STRINGS = NO;
				SWIFT_VERSION = 5.0;
				TARGETED_DEVICE_FAMILY = 1;
				TEST_HOST = "$(BUILT_PRODUCTS_DIR)/Sole.app/$(BUNDLE_EXECUTABLE_FOLDER_PATH)/Sole";
			};
			name = Debug;
		};
		A10000000000000000000018 /* Release */ = {
			isa = XCBuildConfiguration;
			buildSettings = {
				BUNDLE_LOADER = "$(TEST_HOST)";
				CODE_SIGN_STYLE = Automatic;
				CURRENT_PROJECT_VERSION = 1;
				DEVELOPMENT_TEAM = BPPU7JV4Q4;
				GENERATE_INFOPLIST_FILE = YES;
				MARKETING_VERSION = 1.0;
				PRODUCT_BUNDLE_IDENTIFIER = com.pandyabhavik.SoleTests;
				PRODUCT_NAME = "$(TARGET_NAME)";
				SWIFT_EMIT_LOC_STRINGS = NO;
				SWIFT_VERSION = 5.0;
				TARGETED_DEVICE_FAMILY = 1;
				TEST_HOST = "$(BUILT_PRODUCTS_DIR)/Sole.app/$(BUNDLE_EXECUTABLE_FOLDER_PATH)/Sole";
			};
			name = Release;
		};
		A10000000000000000000026 /* Debug */ = {
			isa = XCBuildConfiguration;
			buildSettings = {
				CODE_SIGN_ENTITLEMENTS = Config/SoleWidget.entitlements;
				CODE_SIGN_STYLE = Automatic;
				CURRENT_PROJECT_VERSION = 1;
				DEVELOPMENT_TEAM = BPPU7JV4Q4;
				GENERATE_INFOPLIST_FILE = YES;
				INFOPLIST_FILE = "Config/SoleWidget-Info.plist";
				INFOPLIST_KEY_CFBundleDisplayName = Sole;
				INFOPLIST_KEY_NSMotionUsageDescription = "Sole uses your iPhone's motion sensor to count your steps, distance and flights climbed.";
				LD_RUNPATH_SEARCH_PATHS = (
					"$(inherited)",
					"@executable_path/Frameworks",
					"@executable_path/../../Frameworks",
				);
				MARKETING_VERSION = 1.0;
				PRODUCT_BUNDLE_IDENTIFIER = com.pandyabhavik.Sole.SoleWidget;
				PRODUCT_NAME = "$(TARGET_NAME)";
				SKIP_INSTALL = YES;
				SWIFT_EMIT_LOC_STRINGS = YES;
				SWIFT_VERSION = 5.0;
				TARGETED_DEVICE_FAMILY = 1;
			};
			name = Debug;
		};
		A10000000000000000000027 /* Release */ = {
			isa = XCBuildConfiguration;
			buildSettings = {
				CODE_SIGN_ENTITLEMENTS = Config/SoleWidget.entitlements;
				CODE_SIGN_STYLE = Automatic;
				CURRENT_PROJECT_VERSION = 1;
				DEVELOPMENT_TEAM = BPPU7JV4Q4;
				GENERATE_INFOPLIST_FILE = YES;
				INFOPLIST_FILE = "Config/SoleWidget-Info.plist";
				INFOPLIST_KEY_CFBundleDisplayName = Sole;
				INFOPLIST_KEY_NSMotionUsageDescription = "Sole uses your iPhone's motion sensor to count your steps, distance and flights climbed.";
				LD_RUNPATH_SEARCH_PATHS = (
					"$(inherited)",
					"@executable_path/Frameworks",
					"@executable_path/../../Frameworks",
				);
				MARKETING_VERSION = 1.0;
				PRODUCT_BUNDLE_IDENTIFIER = com.pandyabhavik.Sole.SoleWidget;
				PRODUCT_NAME = "$(TARGET_NAME)";
				SKIP_INSTALL = YES;
				SWIFT_EMIT_LOC_STRINGS = YES;
				SWIFT_VERSION = 5.0;
				TARGETED_DEVICE_FAMILY = 1;
			};
			name = Release;
		};
/* End XCBuildConfiguration section */

/* Begin XCConfigurationList section */
		A1000000000000000000000A /* Build configuration list for PBXProject "Sole" */ = {
			isa = XCConfigurationList;
			buildConfigurations = (
				A1000000000000000000000C /* Debug */,
				A1000000000000000000000D /* Release */,
			);
			defaultConfigurationIsVisible = 0;
			defaultConfigurationName = Release;
		};
		A1000000000000000000000B /* Build configuration list for PBXNativeTarget "Sole" */ = {
			isa = XCConfigurationList;
			buildConfigurations = (
				A1000000000000000000000E /* Debug */,
				A1000000000000000000000F /* Release */,
			);
			defaultConfigurationIsVisible = 0;
			defaultConfigurationName = Release;
		};
		A10000000000000000000016 /* Build configuration list for PBXNativeTarget "SoleTests" */ = {
			isa = XCConfigurationList;
			buildConfigurations = (
				A10000000000000000000017 /* Debug */,
				A10000000000000000000018 /* Release */,
			);
			defaultConfigurationIsVisible = 0;
			defaultConfigurationName = Release;
		};
		A10000000000000000000025 /* Build configuration list for PBXNativeTarget "SoleWidgetExtension" */ = {
			isa = XCConfigurationList;
			buildConfigurations = (
				A10000000000000000000026 /* Debug */,
				A10000000000000000000027 /* Release */,
			);
			defaultConfigurationIsVisible = 0;
			defaultConfigurationName = Release;
		};
/* End XCConfigurationList section */
	};
	rootObject = A10000000000000000000009 /* Project object */;
}
